<?xml version="1.0" encoding="utf-8"?>
<Project ToolsVersion="4.0" xmlns="http://schemas.microsoft.com/developer/msbuild/2003">
  <ItemGroup>
    <Filter Include="DDS">
      <UniqueIdentifier>{cb691057-42a6-4a25-a538-f362390f873a}</UniqueIdentifier>
    </Filter>
    <Filter Include="resources">
      <UniqueIdentifier>{17c5a1b2-d959-41a6-a057-c897b532cdc8}</UniqueIdentifier>
    </Filter>
    <Filter Include="resources\textures">
      <UniqueIdentifier>{7aca8bcd-cc9c-44ec-a49f-7d1e39e0d0fe}</UniqueIdentifier>
    </Filter>
    <Filter Include="resources\meshes">
      <UniqueIdentifier>{bd093f1e-447a-400f-9490-9eaa904ebde7}</UniqueIdentifier>
    </Filter>
    <Filter Include="resources\shaders">
      <UniqueIdentifier>{4caedb3a-d7c1-45d9-b574-1725bb393307}</UniqueIdentifier>
    </Filter>
    <Filter Include="resources\terrains">
      <UniqueIdentifier>{08b2ac53-dbee-4a4f-8900-b4db23a43e01}</UniqueIdentifier>
    </Filter>
    <Filter Include="cpp">
      <UniqueIdentifier>{4FC737F1-C7A5-4376-A066-2A32D752A2FF}</UniqueIdentifier>
      <Extensions>cpp;c;cc;cxx;def;odl;idl;hpj;bat;asm;asmx</Extensions>
    </Filter>
    <Filter Include="h">
      <UniqueIdentifier>{93995380-89BD-4b04-88EB-625FBE52EBFB}</UniqueIdentifier>
      <Extensions>h;hh;hpp;hxx;hm;inl;inc;xsd</Extensions>
    </Filter>
  </ItemGroup>
  <ItemGroup>
    <ClCompile Include="main.cpp">
      <Filter>cpp</Filter>
    </ClCompile>
    <ClCompile Include="Kernel.cpp">
      <Filter>cpp</Filter>
    </ClCompile>
    <ClCompile Include="Renderer.cpp">
      <Filter>cpp</Filter>
    </ClCompile>
    <ClCompile Include="Input.cpp">
      <Filter>cpp</Filter>
    </ClCompile>
    <ClCompile Include="Shader.cpp">
      <Filter>cpp</Filter>
    </ClCompile>
    <ClCompile Include="VertexBuffer.cpp">
      <Filter>cpp</Filter>
    </ClCompile>
    <ClCompile Include="DDSTextureLoader\DDSTextureLoader.cpp">
      <Filter>DDS</Filter>
    </ClCompile>
    <ClCompile Include="Texture.cpp">
      <Filter>cpp</Filter>
    </ClCompile>
    <ClCompile Include="DeviceDependent.cpp">
      <Filter>cpp</Filter>
    </ClCompile>
    <ClCompile Include="Transformable.cpp">
      <Filter>cpp</Filter>
    </ClCompile>
    <ClCompile Include="ResourceManager.cpp">
      <Filter>cpp</Filter>
    </ClCompile>
    <ClCompile Include="Camera.cpp">
      <Filter>cpp</Filter>
    </ClCompile>
    <ClCompile Include="Terrain.cpp">
      <Filter>cpp</Filter>
    </ClCompile>
    <ClCompile Include="Renderer2D.cpp">
      <Filter>cpp</Filter>
    </ClCompile>
    <ClCompile Include="DXResources.cpp">
      <Filter>cpp</Filter>
    </ClCompile>
    <ClCompile Include="Console.cpp">
      <Filter>cpp</Filter>
    </ClCompile>
  </ItemGroup>
  <ItemGroup>
    <ClInclude Include="debug.h">
      <Filter>h</Filter>
    </ClInclude>
    <ClInclude Include="Kernel.h">
      <Filter>h</Filter>
    </ClInclude>
    <ClInclude Include="Renderer.h">
      <Filter>h</Filter>
    </ClInclude>
    <ClInclude Include="common.h">
      <Filter>h</Filter>
    </ClInclude>
    <ClInclude Include="Input.h">
      <Filter>h</Filter>
    </ClInclude>
    <ClInclude Include="Shader.h">
      <Filter>h</Filter>
    </ClInclude>
    <ClInclude Include="VertexBuffer.h">
      <Filter>h</Filter>
    </ClInclude>
    <ClInclude Include="DDSTextureLoader\DDSTextureLoader.h">
      <Filter>DDS</Filter>
    </ClInclude>
    <ClInclude Include="ConstantBuffer.h">
      <Filter>h</Filter>
    </ClInclude>
    <ClInclude Include="Texture.h">
      <Filter>h</Filter>
    </ClInclude>
    <ClInclude Include="DeviceDependent.h">
      <Filter>h</Filter>
    </ClInclude>
    <ClInclude Include="Movable.h">
      <Filter>h</Filter>
    </ClInclude>
    <ClInclude Include="ResourceManager.h">
      <Filter>h</Filter>
    </ClInclude>
    <ClInclude Include="Camera.h">
      <Filter>h</Filter>
    </ClInclude>
    <ClInclude Include="Terrain.h">
      <Filter>h</Filter>
    </ClInclude>
    <ClInclude Include="Renderer2D.h">
      <Filter>h</Filter>
    </ClInclude>
    <ClInclude Include="DXResources.h">
      <Filter>h</Filter>
    </ClInclude>
    <ClInclude Include="Console.h">
      <Filter>h</Filter>
    </ClInclude>
  </ItemGroup>
  <ItemGroup>
    <None Include="monkey.mesh">
      <Filter>resources\meshes</Filter>
    </None>
    <None Include="shader.psh">
      <Filter>resources\shaders</Filter>
    </None>
    <None Include="shader.vsh">
      <Filter>resources\shaders</Filter>
    </None>
    <None Include="out.terrain">
      <Filter>resources\terrains</Filter>
    </None>
  </ItemGroup>
  <ItemGroup>
    <Image Include="grass.dds">
      <Filter>resources\textures</Filter>
    </Image>
    <Image Include="grass_normal.dds">
      <Filter>resources\textures</Filter>
    </Image>
    <Image Include="normal.dds">
      <Filter>resources\textures</Filter>
    </Image>
    <Image Include="texture.dds">
      <Filter>resources\textures</Filter>
    </Image>
  </ItemGroup>
</Project>